// !$*UTF8*$!
{
	archiveVersion = 1;
	classes = {
	};
	objectVersion = 51;
	objects = {

/* Begin PBXBuildFile section */
		964F0BA9246EEFB500CE4098 /* AppDelegate.swift in Sources */ = {isa = PBXBuildFile; fileRef = 964F0BA8246EEFB500CE4098 /* AppDelegate.swift */; };
		964F0BAB246EEFB500CE4098 /* SceneDelegate.swift in Sources */ = {isa = PBXBuildFile; fileRef = 964F0BAA246EEFB500CE4098 /* SceneDelegate.swift */; };
		964F0BAD246EEFB500CE4098 /* ViewController.swift in Sources */ = {isa = PBXBuildFile; fileRef = 964F0BAC246EEFB500CE4098 /* ViewController.swift */; };
		964F0BB0246EEFB500CE4098 /* Main.storyboard in Resources */ = {isa = PBXBuildFile; fileRef = 964F0BAE246EEFB500CE4098 /* Main.storyboard */; };
		964F0BB2246EEFBF00CE4098 /* Assets.xcassets in Resources */ = {isa = PBXBuildFile; fileRef = 964F0BB1246EEFBF00CE4098 /* Assets.xcassets */; };
		964F0BB5246EEFBF00CE4098 /* LaunchScreen.storyboard in Resources */ = {isa = PBXBuildFile; fileRef = 964F0BB3246EEFBF00CE4098 /* LaunchScreen.storyboard */; };
		966768652478EBF100794009 /* EditViewController.swift in Sources */ = {isa = PBXBuildFile; fileRef = 966768642478EBF100794009 /* EditViewController.swift */; };
		96DAF297247C0DC4007A6824 /* DetailViewController.swift in Sources */ = {isa = PBXBuildFile; fileRef = 96DAF296247C0DC4007A6824 /* DetailViewController.swift */; };
		96DAF299247D5852007A6824 /* SettingViewController.swift in Sources */ = {isa = PBXBuildFile; fileRef = 96DAF298247D5852007A6824 /* SettingViewController.swift */; };
		96E67FCE246F811700162862 /* CardViewController.swift in Sources */ = {isa = PBXBuildFile; fileRef = 96E67FCD246F811700162862 /* CardViewController.swift */; };
		96E9E75F2472D51D00A98CA0 /* Element.swift in Sources */ = {isa = PBXBuildFile; fileRef = 96E9E75E2472D51D00A98CA0 /* Element.swift */; };
		96E9E7612472D53C00A98CA0 /* Post.swift in Sources */ = {isa = PBXBuildFile; fileRef = 96E9E7602472D53C00A98CA0 /* Post.swift */; };
		96F6E880247026200048C13D /* GoogleService-Info.plist in Resources */ = {isa = PBXBuildFile; fileRef = 96F6E87F247026200048C13D /* GoogleService-Info.plist */; };
		DD2E376901C87DA9AE11F522 /* Pods_ScanApp.framework in Frameworks */ = {isa = PBXBuildFile; fileRef = C142ED5609E1C7D55AAB4038 /* Pods_ScanApp.framework */; };
/* End PBXBuildFile section */

/* Begin PBXFileReference section */
		12D7E6FC3755787AC23E7CE9 /* Pods-ScanApp.debug.xcconfig */ = {isa = PBXFileReference; includeInIndex = 1; lastKnownFileType = text.xcconfig; name = "Pods-ScanApp.debug.xcconfig"; path = "Target Support Files/Pods-ScanApp/Pods-ScanApp.debug.xcconfig"; sourceTree = "<group>"; };
		964F0BA5246EEFB500CE4098 /* ScanApp.app */ = {isa = PBXFileReference; explicitFileType = wrapper.application; includeInIndex = 0; path = ScanApp.app; sourceTree = BUILT_PRODUCTS_DIR; };
		964F0BA8246EEFB500CE4098 /* AppDelegate.swift */ = {isa = PBXFileReference; lastKnownFileType = sourcecode.swift; path = AppDelegate.swift; sourceTree = "<group>"; };
		964F0BAA246EEFB500CE4098 /* SceneDelegate.swift */ = {isa = PBXFileReference; lastKnownFileType = sourcecode.swift; path = SceneDelegate.swift; sourceTree = "<group>"; };
		964F0BAC246EEFB500CE4098 /* ViewController.swift */ = {isa = PBXFileReference; lastKnownFileType = sourcecode.swift; path = ViewController.swift; sourceTree = "<group>"; };
		964F0BAF246EEFB500CE4098 /* Base */ = {isa = PBXFileReference; lastKnownFileType = file.storyboard; name = Base; path = Base.lproj/Main.storyboard; sourceTree = "<group>"; };
		964F0BB1246EEFBF00CE4098 /* Assets.xcassets */ = {isa = PBXFileReference; lastKnownFileType = folder.assetcatalog; path = Assets.xcassets; sourceTree = "<group>"; };
		964F0BB4246EEFBF00CE4098 /* Base */ = {isa = PBXFileReference; lastKnownFileType = file.storyboard; name = Base; path = Base.lproj/LaunchScreen.storyboard; sourceTree = "<group>"; };
		964F0BB6246EEFBF00CE4098 /* Info.plist */ = {isa = PBXFileReference; lastKnownFileType = text.plist.xml; path = Info.plist; sourceTree = "<group>"; };
		966768642478EBF100794009 /* EditViewController.swift */ = {isa = PBXFileReference; lastKnownFileType = sourcecode.swift; path = EditViewController.swift; sourceTree = "<group>"; };
		96DAF296247C0DC4007A6824 /* DetailViewController.swift */ = {isa = PBXFileReference; lastKnownFileType = sourcecode.swift; path = DetailViewController.swift; sourceTree = "<group>"; };
		96DAF298247D5852007A6824 /* SettingViewController.swift */ = {isa = PBXFileReference; lastKnownFileType = sourcecode.swift; path = SettingViewController.swift; sourceTree = "<group>"; };
		96E67FCD246F811700162862 /* CardViewController.swift */ = {isa = PBXFileReference; lastKnownFileType = sourcecode.swift; path = CardViewController.swift; sourceTree = "<group>"; };
		96E9E75E2472D51D00A98CA0 /* Element.swift */ = {isa = PBXFileReference; lastKnownFileType = sourcecode.swift; path = Element.swift; sourceTree = "<group>"; };
		96E9E7602472D53C00A98CA0 /* Post.swift */ = {isa = PBXFileReference; lastKnownFileType = sourcecode.swift; path = Post.swift; sourceTree = "<group>"; };
		96F6E87F247026200048C13D /* GoogleService-Info.plist */ = {isa = PBXFileReference; fileEncoding = 4; lastKnownFileType = text.plist.xml; path = "GoogleService-Info.plist"; sourceTree = "<group>"; };
		C142ED5609E1C7D55AAB4038 /* Pods_ScanApp.framework */ = {isa = PBXFileReference; explicitFileType = wrapper.framework; includeInIndex = 0; path = Pods_ScanApp.framework; sourceTree = BUILT_PRODUCTS_DIR; };
		F65EA5769E2A432B0D3157DB /* Pods-ScanApp.release.xcconfig */ = {isa = PBXFileReference; includeInIndex = 1; lastKnownFileType = text.xcconfig; name = "Pods-ScanApp.release.xcconfig"; path = "Target Support Files/Pods-ScanApp/Pods-ScanApp.release.xcconfig"; sourceTree = "<group>"; };
/* End PBXFileReference section */

/* Begin PBXFrameworksBuildPhase section */
		964F0BA2246EEFB500CE4098 /* Frameworks */ = {
			isa = PBXFrameworksBuildPhase;
			buildActionMask = 2147483647;
			files = (
				DD2E376901C87DA9AE11F522 /* Pods_ScanApp.framework in Frameworks */,
			);
			runOnlyForDeploymentPostprocessing = 0;
		};
/* End PBXFrameworksBuildPhase section */

/* Begin PBXGroup section */
		26FD9086A345232162158AF6 /* Pods */ = {
			isa = PBXGroup;
			children = (
				12D7E6FC3755787AC23E7CE9 /* Pods-ScanApp.debug.xcconfig */,
				F65EA5769E2A432B0D3157DB /* Pods-ScanApp.release.xcconfig */,
			);
			path = Pods;
			sourceTree = "<group>";
		};
		964F0B9C246EEFB500CE4098 = {
			isa = PBXGroup;
			children = (
				964F0BA7246EEFB500CE4098 /* ScanApp */,
				964F0BA6246EEFB500CE4098 /* Products */,
				26FD9086A345232162158AF6 /* Pods */,
				E6B5ECA812CECBF21145C9CE /* Frameworks */,
			);
			sourceTree = "<group>";
		};
		964F0BA6246EEFB500CE4098 /* Products */ = {
			isa = PBXGroup;
			children = (
				964F0BA5246EEFB500CE4098 /* ScanApp.app */,
			);
			name = Products;
			sourceTree = "<group>";
		};
		964F0BA7246EEFB500CE4098 /* ScanApp */ = {
			isa = PBXGroup;
			children = (
				964F0BA8246EEFB500CE4098 /* AppDelegate.swift */,
				964F0BAA246EEFB500CE4098 /* SceneDelegate.swift */,
				964F0BAC246EEFB500CE4098 /* ViewController.swift */,
				96E67FCD246F811700162862 /* CardViewController.swift */,
				966768642478EBF100794009 /* EditViewController.swift */,
				96DAF296247C0DC4007A6824 /* DetailViewController.swift */,
				96E9E7602472D53C00A98CA0 /* Post.swift */,
				96E9E75E2472D51D00A98CA0 /* Element.swift */,
				964F0BAE246EEFB500CE4098 /* Main.storyboard */,
				964F0BB1246EEFBF00CE4098 /* Assets.xcassets */,
				964F0BB3246EEFBF00CE4098 /* LaunchScreen.storyboard */,
				964F0BB6246EEFBF00CE4098 /* Info.plist */,
				96F6E87F247026200048C13D /* GoogleService-Info.plist */,
				96DAF298247D5852007A6824 /* SettingViewController.swift */,
			);
			path = ScanApp;
			sourceTree = "<group>";
		};
		E6B5ECA812CECBF21145C9CE /* Frameworks */ = {
			isa = PBXGroup;
			children = (
				C142ED5609E1C7D55AAB4038 /* Pods_ScanApp.framework */,
			);
			name = Frameworks;
			sourceTree = "<group>";
		};
/* End PBXGroup section */

/* Begin PBXNativeTarget section */
		964F0BA4246EEFB500CE4098 /* ScanApp */ = {
			isa = PBXNativeTarget;
			buildConfigurationList = 964F0BB9246EEFBF00CE4098 /* Build configuration list for PBXNativeTarget "ScanApp" */;
			buildPhases = (
				7C1D8517BB7E97F8AC008082 /* [CP] Check Pods Manifest.lock */,
				964F0BA1246EEFB500CE4098 /* Sources */,
				964F0BA2246EEFB500CE4098 /* Frameworks */,
				964F0BA3246EEFB500CE4098 /* Resources */,
				C4EAE485EF9367C27539239B /* [CP] Embed Pods Frameworks */,
			);
			buildRules = (
			);
			dependencies = (
			);
			name = ScanApp;
			productName = ScanApp;
			productReference = 964F0BA5246EEFB500CE4098 /* ScanApp.app */;
			productType = "com.apple.product-type.application";
		};
/* End PBXNativeTarget section */

/* Begin PBXProject section */
		964F0B9D246EEFB500CE4098 /* Project object */ = {
			isa = PBXProject;
			attributes = {
				LastSwiftUpdateCheck = 1140;
				LastUpgradeCheck = 1140;
				ORGANIZATIONNAME = "Yoshihiro Uda";
				TargetAttributes = {
					964F0BA4246EEFB500CE4098 = {
						CreatedOnToolsVersion = 11.4.1;
					};
				};
			};
			buildConfigurationList = 964F0BA0246EEFB500CE4098 /* Build configuration list for PBXProject "ScanApp" */;
			compatibilityVersion = "Xcode 9.3";
			developmentRegion = en;
			hasScannedForEncodings = 0;
			knownRegions = (
				en,
				Base,
			);
			mainGroup = 964F0B9C246EEFB500CE4098;
			productRefGroup = 964F0BA6246EEFB500CE4098 /* Products */;
			projectDirPath = "";
			projectRoot = "";
			targets = (
				964F0BA4246EEFB500CE4098 /* ScanApp */,
			);
		};
/* End PBXProject section */

/* Begin PBXResourcesBuildPhase section */
		964F0BA3246EEFB500CE4098 /* Resources */ = {
			isa = PBXResourcesBuildPhase;
			buildActionMask = 2147483647;
			files = (
				964F0BB5246EEFBF00CE4098 /* LaunchScreen.storyboard in Resources */,
				96F6E880247026200048C13D /* GoogleService-Info.plist in Resources */,
				964F0BB2246EEFBF00CE4098 /* Assets.xcassets in Resources */,
				964F0BB0246EEFB500CE4098 /* Main.storyboard in Resources */,
			);
			runOnlyForDeploymentPostprocessing = 0;
		};
/* End PBXResourcesBuildPhase section */

/* Begin PBXShellScriptBuildPhase section */
		7C1D8517BB7E97F8AC008082 /* [CP] Check Pods Manifest.lock */ = {
			isa = PBXShellScriptBuildPhase;
			buildActionMask = 2147483647;
			files = (
			);
			inputFileListPaths = (
			);
			inputPaths = (
				"${PODS_PODFILE_DIR_PATH}/Podfile.lock",
				"${PODS_ROOT}/Manifest.lock",
			);
			name = "[CP] Check Pods Manifest.lock";
			outputFileListPaths = (
			);
			outputPaths = (
				"$(DERIVED_FILE_DIR)/Pods-ScanApp-checkManifestLockResult.txt",
			);
			runOnlyForDeploymentPostprocessing = 0;
			shellPath = /bin/sh;
			shellScript = "diff \"${PODS_PODFILE_DIR_PATH}/Podfile.lock\" \"${PODS_ROOT}/Manifest.lock\" > /dev/null\nif [ $? != 0 ] ; then\n    # print error to STDERR\n    echo \"error: The sandbox is not in sync with the Podfile.lock. Run 'pod install' or update your CocoaPods installation.\" >&2\n    exit 1\nfi\n# This output is used by Xcode 'outputs' to avoid re-running this script phase.\necho \"SUCCESS\" > \"${SCRIPT_OUTPUT_FILE_0}\"\n";
			showEnvVarsInLog = 0;
		};
		C4EAE485EF9367C27539239B /* [CP] Embed Pods Frameworks */ = {
			isa = PBXShellScriptBuildPhase;
			buildActionMask = 2147483647;
			files = (
			);
			inputFileListPaths = (
				"${PODS_ROOT}/Target Support Files/Pods-ScanApp/Pods-ScanApp-frameworks-${CONFIGURATION}-input-files.xcfilelist",
			);
			name = "[CP] Embed Pods Frameworks";
			outputFileListPaths = (
				"${PODS_ROOT}/Target Support Files/Pods-ScanApp/Pods-ScanApp-frameworks-${CONFIGURATION}-output-files.xcfilelist",
			);
			runOnlyForDeploymentPostprocessing = 0;
			shellPath = /bin/sh;
			shellScript = "\"${PODS_ROOT}/Target Support Files/Pods-ScanApp/Pods-ScanApp-frameworks.sh\"\n";
			showEnvVarsInLog = 0;
		};
/* End PBXShellScriptBuildPhase section */

/* Begin PBXSourcesBuildPhase section */
		964F0BA1246EEFB500CE4098 /* Sources */ = {
			isa = PBXSourcesBuildPhase;
			buildActionMask = 2147483647;
			files = (
				96E67FCE246F811700162862 /* CardViewController.swift in Sources */,
				964F0BAD246EEFB500CE4098 /* ViewController.swift in Sources */,
				964F0BA9246EEFB500CE4098 /* AppDelegate.swift in Sources */,
				96E9E7612472D53C00A98CA0 /* Post.swift in Sources */,
				964F0BAB246EEFB500CE4098 /* SceneDelegate.swift in Sources */,
				96DAF299247D5852007A6824 /* SettingViewController.swift in Sources */,
				96E9E75F2472D51D00A98CA0 /* Element.swift in Sources */,
				966768652478EBF100794009 /* EditViewController.swift in Sources */,
				96DAF297247C0DC4007A6824 /* DetailViewController.swift in Sources */,
			);
			runOnlyForDeploymentPostprocessing = 0;
		};
/* End PBXSourcesBuildPhase section */

/* Begin PBXVariantGroup section */
		964F0BAE246EEFB500CE4098 /* Main.storyboard */ = {
			isa = PBXVariantGroup;
			children = (
				964F0BAF246EEFB500CE4098 /* Base */,
			);
			name = Main.storyboard;
			sourceTree = "<group>";
		};
		964F0BB3246EEFBF00CE4098 /* LaunchScreen.storyboard */ = {
			isa = PBXVariantGroup;
			children = (
				964F0BB4246EEFBF00CE4098 /* Base */,
			);
			name = LaunchScreen.storyboard;
			sourceTree = "<group>";
		};
/* End PBXVariantGroup section */

/* Begin XCBuildConfiguration section */
		964F0BB7246EEFBF00CE4098 /* Debug */ = {
			isa = XCBuildConfiguration;
			buildSettings = {
				ALWAYS_SEARCH_USER_PATHS = NO;
				CLANG_ANALYZER_NONNULL = YES;
				CLANG_ANALYZER_NUMBER_OBJECT_CONVERSION = YES_AGGRESSIVE;
				CLANG_CXX_LANGUAGE_STANDARD = "gnu++14";
				CLANG_CXX_LIBRARY = "libc++";
				CLANG_ENABLE_MODULES = YES;
				CLANG_ENABLE_OBJC_ARC = YES;
				CLANG_ENABLE_OBJC_WEAK = YES;
				CLANG_WARN_BLOCK_CAPTURE_AUTORELEASING = YES;
				CLANG_WARN_BOOL_CONVERSION = YES;
				CLANG_WARN_COMMA = YES;
				CLANG_WARN_CONSTANT_CONVERSION = YES;
				CLANG_WARN_DEPRECATED_OBJC_IMPLEMENTATIONS = YES;
				CLANG_WARN_DIRECT_OBJC_ISA_USAGE = YES_ERROR;
				CLANG_WARN_DOCUMENTATION_COMMENTS = YES;
				CLANG_WARN_EMPTY_BODY = YES;
				CLANG_WARN_ENUM_CONVERSION = YES;
				CLANG_WARN_INFINITE_RECURSION = YES;
				CLANG_WARN_INT_CONVERSION = YES;
				CLANG_WARN_NON_LITERAL_NULL_CONVERSION = YES;
				CLANG_WARN_OBJC_IMPLICIT_RETAIN_SELF = YES;
				CLANG_WARN_OBJC_LITERAL_CONVERSION = YES;
				CLANG_WARN_OBJC_ROOT_CLASS = YES_ERROR;
				CLANG_WARN_RANGE_LOOP_ANALYSIS = YES;
				CLANG_WARN_STRICT_PROTOTYPES = YES;
				CLANG_WARN_SUSPICIOUS_MOVE = YES;
				CLANG_WARN_UNGUARDED_AVAILABILITY = YES_AGGRESSIVE;
				CLANG_WARN_UNREACHABLE_CODE = YES;
				CLANG_WARN__DUPLICATE_METHOD_MATCH = YES;
				COPY_PHASE_STRIP = NO;
				DEBUG_INFORMATION_FORMAT = dwarf;
				ENABLE_STRICT_OBJC_MSGSEND = YES;
				ENABLE_TESTABILITY = YES;
				GCC_C_LANGUAGE_STANDARD = gnu11;
				GCC_DYNAMIC_NO_PIC = NO;
				GCC_NO_COMMON_BLOCKS = YES;
				GCC_OPTIMIZATION_LEVEL = 0;
				GCC_PREPROCESSOR_DEFINITIONS = (
					"DEBUG=1",
					"$(inherited)",
				);
				GCC_WARN_64_TO_32_BIT_CONVERSION = YES;
				GCC_WARN_ABOUT_RETURN_TYPE = YES_ERROR;
				GCC_WARN_UNDECLARED_SELECTOR = YES;
				GCC_WARN_UNINITIALIZED_AUTOS = YES_AGGRESSIVE;
				GCC_WARN_UNUSED_FUNCTION = YES;
				GCC_WARN_UNUSED_VARIABLE = YES;
				IPHONEOS_DEPLOYMENT_TARGET = 13.4;
				MTL_ENABLE_DEBUG_INFO = INCLUDE_SOURCE;
				MTL_FAST_MATH = YES;
				ONLY_ACTIVE_ARCH = YES;
				SDKROOT = iphoneos;
				SWIFT_ACTIVE_COMPILATION_CONDITIONS = DEBUG;
				SWIFT_OPTIMIZATION_LEVEL = "-Onone";
			};
			name = Debug;
		};
		964F0BB8246EEFBF00CE4098 /* Release */ = {
			isa = XCBuildConfiguration;
			buildSettings = {
				ALWAYS_SEARCH_USER_PATHS = NO;
				CLANG_ANALYZER_NONNULL = YES;
				CLANG_ANALYZER_NUMBER_OBJECT_CONVERSION = YES_AGGRESSIVE;
				CLANG_CXX_LANGUAGE_STANDARD = "gnu++14";
				CLANG_CXX_LIBRARY = "libc++";
				CLANG_ENABLE_MODULES = YES;
				CLANG_ENABLE_OBJC_ARC = YES;
				CLANG_ENABLE_OBJC_WEAK = YES;
				CLANG_WARN_BLOCK_CAPTURE_AUTORELEASING = YES;
				CLANG_WARN_BOOL_CONVERSION = YES;
				CLANG_WARN_COMMA = YES;
				CLANG_WARN_CONSTANT_CONVERSION = YES;
				CLANG_WARN_DEPRECATED_OBJC_IMPLEMENTATIONS = YES;
				CLANG_WARN_DIRECT_OBJC_ISA_USAGE = YES_ERROR;
				CLANG_WARN_DOCUMENTATION_COMMENTS = YES;
				CLANG_WARN_EMPTY_BODY = YES;
				CLANG_WARN_ENUM_CONVERSION = YES;
				CLANG_WARN_INFINITE_RECURSION = YES;
				CLANG_WARN_INT_CONVERSION = YES;
				CLANG_WARN_NON_LITERAL_NULL_CONVERSION = YES;
				CLANG_WARN_OBJC_IMPLICIT_RETAIN_SELF = YES;
				CLANG_WARN_OBJC_LITERAL_CONVERSION = YES;
				CLANG_WARN_OBJC_ROOT_CLASS = YES_ERROR;
				CLANG_WARN_RANGE_LOOP_ANALYSIS = YES;
				CLANG_WARN_STRICT_PROTOTYPES = YES;
				CLANG_WARN_SUSPICIOUS_MOVE = YES;
				CLANG_WARN_UNGUARDED_AVAILABILITY = YES_AGGRESSIVE;
				CLANG_WARN_UNREACHABLE_CODE = YES;
				CLANG_WARN__DUPLICATE_METHOD_MATCH = YES;
				COPY_PHASE_STRIP = NO;
				DEBUG_INFORMATION_FORMAT = "dwarf-with-dsym";
				ENABLE_NS_ASSERTIONS = NO;
				ENABLE_STRICT_OBJC_MSGSEND = YES;
				GCC_C_LANGUAGE_STANDARD = gnu11;
				GCC_NO_COMMON_BLOCKS = YES;
				GCC_WARN_64_TO_32_BIT_CONVERSION = YES;
				GCC_WARN_ABOUT_RETURN_TYPE = YES_ERROR;
				GCC_WARN_UNDECLARED_SELECTOR = YES;
				GCC_WARN_UNINITIALIZED_AUTOS = YES_AGGRESSIVE;
				GCC_WARN_UNUSED_FUNCTION = YES;
				GCC_WARN_UNUSED_VARIABLE = YES;
				IPHONEOS_DEPLOYMENT_TARGET = 13.4;
				MTL_ENABLE_DEBUG_INFO = NO;
				MTL_FAST_MATH = YES;
				SDKROOT = iphoneos;
				SWIFT_COMPILATION_MODE = wholemodule;
				SWIFT_OPTIMIZATION_LEVEL = "-O";
				VALIDATE_PRODUCT = YES;
			};
			name = Release;
		};
		964F0BBA246EEFBF00CE4098 /* Debug */ = {
			isa = XCBuildConfiguration;
			baseConfigurationReference = 12D7E6FC3755787AC23E7CE9 /* Pods-ScanApp.debug.xcconfig */;
			buildSettings = {
				ASSETCATALOG_COMPILER_APPICON_NAME = AppIcon;
				CODE_SIGN_STYLE = Automatic;
				DEVELOPMENT_TEAM = LPJP7Q6LM9;
				INFOPLIST_FILE = ScanApp/Info.plist;
				LD_RUNPATH_SEARCH_PATHS = (
					"$(inherited)",
					"@executable_path/Frameworks",
				);
				PRODUCT_BUNDLE_IDENTIFIER = com.yoshihiro.ScanApp;
				PRODUCT_NAME = "$(TARGET_NAME)";
				SWIFT_VERSION = 5.0;
				TARGETED_DEVICE_FAMILY = 1;
			};
			name = Debug;
		};
		964F0BBB246EEFBF00CE4098 /* Release */ = {
			isa = XCBuildConfiguration;
			baseConfigurationReference = F65EA5769E2A432B0D3157DB /* Pods-ScanApp.release.xcconfig */;
			buildSettings = {
				ASSETCATALOG_COMPILER_APPICON_NAME = AppIcon;
				CODE_SIGN_STYLE = Automatic;
				DEVELOPMENT_TEAM = LPJP7Q6LM9;
				INFOPLIST_FILE = ScanApp/Info.plist;
				LD_RUNPATH_SEARCH_PATHS = (
					"$(inherited)",
					"@executable_path/Frameworks",
				);
				PRODUCT_BUNDLE_IDENTIFIER = com.yoshihiro.ScanApp;
				PRODUCT_NAME = "$(TARGET_NAME)";
				SWIFT_VERSION = 5.0;
				TARGETED_DEVICE_FAMILY = 1;
			};
			name = Release;
		};
/* End XCBuildConfiguration section */

/* Begin XCConfigurationList section */
		964F0BA0246EEFB500CE4098 /* Build configuration list for PBXProject "ScanApp" */ = {
			isa = XCConfigurationList;
			buildConfigurations = (
				964F0BB7246EEFBF00CE4098 /* Debug */,
				964F0BB8246EEFBF00CE4098 /* Release */,
			);
			defaultConfigurationIsVisible = 0;
			defaultConfigurationName = Release;
		};
		964F0BB9246EEFBF00CE4098 /* Build configuration list for PBXNativeTarget "ScanApp" */ = {
			isa = XCConfigurationList;
			buildConfigurations = (
				964F0BBA246EEFBF00CE4098 /* Debug */,
				964F0BBB246EEFBF00CE4098 /* Release */,
			);
			defaultConfigurationIsVisible = 0;
			defaultConfigurationName = Release;
		};
/* End XCConfigurationList section */
	};
	rootObject = 964F0B9D246EEFB500CE4098 /* Project object */;
}
